%{"earmark": {:hex, :earmark, "0.2.1", "ba6d26ceb16106d069b289df66751734802777a3cbb6787026dd800ffeb850f3", [:mix], []},
  "ex_doc": {:hex, :ex_doc, "0.12.0", "b774aabfede4af31c0301aece12371cbd25995a21bb3d71d66f5c2fe074c603f", [:mix], [{:earmark, "~> 0.2", [hex: :earmark, optional: false]}]},
  "inch_ex": {:hex, :inch_ex, "0.4.0", "27829de2227edfba8fa5c431088578685c0956128b40522957077963e563e868", [:mix], [{:poison, "~> 1.2", [hex: :poison, optional: false]}]},
  "poison": {:hex, :poison, "1.5.0", "f2f4f460623a6f154683abae34352525e1d918380267cdbd949a07ba57503248", [:mix], []}}
